// !$*UTF8*$!
{
	archiveVersion = 1;
	classes = {
	};
	objectVersion = 50;
	objects = {

/* Begin PBXBuildFile section */
		776627B920A45C1500FFC6BE /* AppDelegate.swift in Sources */ = {isa = PBXBuildFile; fileRef = 776627B820A45C1500FFC6BE /* AppDelegate.swift */; };
		776627BB20A45C1500FFC6BE /* CategoriesVC.swift in Sources */ = {isa = PBXBuildFile; fileRef = 776627BA20A45C1500FFC6BE /* CategoriesVC.swift */; };
		776627BE20A45C1500FFC6BE /* Main.storyboard in Resources */ = {isa = PBXBuildFile; fileRef = 776627BC20A45C1500FFC6BE /* Main.storyboard */; };
		776627C020A45C1700FFC6BE /* Assets.xcassets in Resources */ = {isa = PBXBuildFile; fileRef = 776627BF20A45C1700FFC6BE /* Assets.xcassets */; };
		776627C320A45C1700FFC6BE /* LaunchScreen.storyboard in Resources */ = {isa = PBXBuildFile; fileRef = 776627C120A45C1700FFC6BE /* LaunchScreen.storyboard */; };
		776627CE20A4670C00FFC6BE /* CategoryCellTableViewCell.swift in Sources */ = {isa = PBXBuildFile; fileRef = 776627CD20A4670C00FFC6BE /* CategoryCellTableViewCell.swift */; };
		776627D020A5C9FE00FFC6BE /* Category.swift in Sources */ = {isa = PBXBuildFile; fileRef = 776627CF20A5C9FE00FFC6BE /* Category.swift */; };
		776627D320A5D0A000FFC6BE /* DataService.swift in Sources */ = {isa = PBXBuildFile; fileRef = 776627D220A5D0A000FFC6BE /* DataService.swift */; };
/* End PBXBuildFile section */

/* Begin PBXFileReference section */
		776627B520A45C1500FFC6BE /* Coder - Swag.app */ = {isa = PBXFileReference; explicitFileType = wrapper.application; includeInIndex = 0; path = "Coder - Swag.app"; sourceTree = BUILT_PRODUCTS_DIR; };
		776627B820A45C1500FFC6BE /* AppDelegate.swift */ = {isa = PBXFileReference; lastKnownFileType = sourcecode.swift; path = AppDelegate.swift; sourceTree = "<group>"; };
		776627BA20A45C1500FFC6BE /* CategoriesVC.swift */ = {isa = PBXFileReference; lastKnownFileType = sourcecode.swift; path = CategoriesVC.swift; sourceTree = "<group>"; };
		776627BD20A45C1500FFC6BE /* Base */ = {isa = PBXFileReference; lastKnownFileType = file.storyboard; name = Base; path = Base.lproj/Main.storyboard; sourceTree = "<group>"; };
		776627BF20A45C1700FFC6BE /* Assets.xcassets */ = {isa = PBXFileReference; lastKnownFileType = folder.assetcatalog; path = Assets.xcassets; sourceTree = "<group>"; };
		776627C220A45C1700FFC6BE /* Base */ = {isa = PBXFileReference; lastKnownFileType = file.storyboard; name = Base; path = Base.lproj/LaunchScreen.storyboard; sourceTree = "<group>"; };
		776627C420A45C1700FFC6BE /* Info.plist */ = {isa = PBXFileReference; lastKnownFileType = text.plist.xml; path = Info.plist; sourceTree = "<group>"; };
		776627CD20A4670C00FFC6BE /* CategoryCellTableViewCell.swift */ = {isa = PBXFileReference; lastKnownFileType = sourcecode.swift; path = CategoryCellTableViewCell.swift; sourceTree = "<group>"; };
		776627CF20A5C9FE00FFC6BE /* Category.swift */ = {isa = PBXFileReference; lastKnownFileType = sourcecode.swift; path = Category.swift; sourceTree = "<group>"; };
		776627D220A5D0A000FFC6BE /* DataService.swift */ = {isa = PBXFileReference; lastKnownFileType = sourcecode.swift; path = DataService.swift; sourceTree = "<group>"; };
/* End PBXFileReference section */

/* Begin PBXFrameworksBuildPhase section */
		776627B220A45C1500FFC6BE /* Frameworks */ = {
			isa = PBXFrameworksBuildPhase;
			buildActionMask = 2147483647;
			files = (
			);
			runOnlyForDeploymentPostprocessing = 0;
		};
/* End PBXFrameworksBuildPhase section */

/* Begin PBXGroup section */
		776627AC20A45C1500FFC6BE = {
			isa = PBXGroup;
			children = (
				776627B720A45C1500FFC6BE /* Coder - Swag */,
				776627B620A45C1500FFC6BE /* Products */,
			);
			sourceTree = "<group>";
		};
		776627B620A45C1500FFC6BE /* Products */ = {
			isa = PBXGroup;
			children = (
				776627B520A45C1500FFC6BE /* Coder - Swag.app */,
			);
			name = Products;
			sourceTree = "<group>";
		};
		776627B720A45C1500FFC6BE /* Coder - Swag */ = {
			isa = PBXGroup;
			children = (
				776627D120A5D07900FFC6BE /* Services */,
				776627CC20A4666100FFC6BE /* View */,
				776627CB20A4665900FFC6BE /* Model */,
				776627CA20A4664100FFC6BE /* Controller */,
				776627B820A45C1500FFC6BE /* AppDelegate.swift */,
				776627BC20A45C1500FFC6BE /* Main.storyboard */,
				776627BF20A45C1700FFC6BE /* Assets.xcassets */,
				776627C120A45C1700FFC6BE /* LaunchScreen.storyboard */,
				776627C420A45C1700FFC6BE /* Info.plist */,
			);
			path = "Coder - Swag";
			sourceTree = "<group>";
		};
		776627CA20A4664100FFC6BE /* Controller */ = {
			isa = PBXGroup;
			children = (
				776627BA20A45C1500FFC6BE /* CategoriesVC.swift */,
			);
			path = Controller;
			sourceTree = "<group>";
		};
		776627CB20A4665900FFC6BE /* Model */ = {
			isa = PBXGroup;
			children = (
				776627CF20A5C9FE00FFC6BE /* Category.swift */,
			);
			path = Model;
			sourceTree = "<group>";
		};
		776627CC20A4666100FFC6BE /* View */ = {
			isa = PBXGroup;
			children = (
				776627CD20A4670C00FFC6BE /* CategoryCellTableViewCell.swift */,
			);
			path = View;
			sourceTree = "<group>";
		};
		776627D120A5D07900FFC6BE /* Services */ = {
			isa = PBXGroup;
			children = (
				776627D220A5D0A000FFC6BE /* DataService.swift */,
			);
			path = Services;
			sourceTree = "<group>";
		};
/* End PBXGroup section */

/* Begin PBXNativeTarget section */
		776627B420A45C1500FFC6BE /* Coder - Swag */ = {
			isa = PBXNativeTarget;
			buildConfigurationList = 776627C720A45C1700FFC6BE /* Build configuration list for PBXNativeTarget "Coder - Swag" */;
			buildPhases = (
				776627B120A45C1500FFC6BE /* Sources */,
				776627B220A45C1500FFC6BE /* Frameworks */,
				776627B320A45C1500FFC6BE /* Resources */,
			);
			buildRules = (
			);
			dependencies = (
			);
			name = "Coder - Swag";
			productName = "Coder - Swag";
			productReference = 776627B520A45C1500FFC6BE /* Coder - Swag.app */;
			productType = "com.apple.product-type.application";
		};
/* End PBXNativeTarget section */

/* Begin PBXProject section */
		776627AD20A45C1500FFC6BE /* Project object */ = {
			isa = PBXProject;
			attributes = {
				LastSwiftUpdateCheck = 0930;
				LastUpgradeCheck = 0930;
				ORGANIZATIONNAME = antonsolo;
				TargetAttributes = {
					776627B420A45C1500FFC6BE = {
						CreatedOnToolsVersion = 9.3;
					};
				};
			};
			buildConfigurationList = 776627B020A45C1500FFC6BE /* Build configuration list for PBXProject "Coder - Swag" */;
			compatibilityVersion = "Xcode 9.3";
			developmentRegion = en;
			hasScannedForEncodings = 0;
			knownRegions = (
				en,
				Base,
			);
			mainGroup = 776627AC20A45C1500FFC6BE;
			productRefGroup = 776627B620A45C1500FFC6BE /* Products */;
			projectDirPath = "";
			projectRoot = "";
			targets = (
				776627B420A45C1500FFC6BE /* Coder - Swag */,
			);
		};
/* End PBXProject section */

/* Begin PBXResourcesBuildPhase section */
		776627B320A45C1500FFC6BE /* Resources */ = {
			isa = PBXResourcesBuildPhase;
			buildActionMask = 2147483647;
			files = (
				776627C320A45C1700FFC6BE /* LaunchScreen.storyboard in Resources */,
				776627C020A45C1700FFC6BE /* Assets.xcassets in Resources */,
				776627BE20A45C1500FFC6BE /* Main.storyboard in Resources */,
			);
			runOnlyForDeploymentPostprocessing = 0;
		};
/* End PBXResourcesBuildPhase section */

/* Begin PBXSourcesBuildPhase section */
		776627B120A45C1500FFC6BE /* Sources */ = {
			isa = PBXSourcesBuildPhase;
			buildActionMask = 2147483647;
			files = (
				776627BB20A45C1500FFC6BE /* CategoriesVC.swift in Sources */,
				776627CE20A4670C00FFC6BE /* CategoryCellTableViewCell.swift in Sources */,
				776627B920A45C1500FFC6BE /* AppDelegate.swift in Sources */,
				776627D020A5C9FE00FFC6BE /* Category.swift in Sources */,
				776627D320A5D0A000FFC6BE /* DataService.swift in Sources */,
			);
			runOnlyForDeploymentPostprocessing = 0;
		};
/* End PBXSourcesBuildPhase section */

/* Begin PBXVariantGroup section */
		776627BC20A45C1500FFC6BE /* Main.storyboard */ = {
			isa = PBXVariantGroup;
			children = (
				776627BD20A45C1500FFC6BE /* Base */,
			);
			name = Main.storyboard;
			sourceTree = "<group>";
		};
		776627C120A45C1700FFC6BE /* LaunchScreen.storyboard */ = {
			isa = PBXVariantGroup;
			children = (
				776627C220A45C1700FFC6BE /* Base */,
			);
			name = LaunchScreen.storyboard;
			sourceTree = "<group>";
		};
/* End PBXVariantGroup section */

/* Begin XCBuildConfiguration section */
		776627C520A45C1700FFC6BE /* Debug */ = {
			isa = XCBuildConfiguration;
			buildSettings = {
				ALWAYS_SEARCH_USER_PATHS = NO;
				CLANG_ANALYZER_NONNULL = YES;
				CLANG_ANALYZER_NUMBER_OBJECT_CONVERSION = YES_AGGRESSIVE;
				CLANG_CXX_LANGUAGE_STANDARD = "gnu++14";
				CLANG_CXX_LIBRARY = "libc++";
				CLANG_ENABLE_MODULES = YES;
				CLANG_ENABLE_OBJC_ARC = YES;
				CLANG_ENABLE_OBJC_WEAK = YES;
				CLANG_WARN_BLOCK_CAPTURE_AUTORELEASING = YES;
				CLANG_WARN_BOOL_CONVERSION = YES;
				CLANG_WARN_COMMA = YES;
				CLANG_WARN_CONSTANT_CONVERSION = YES;
				CLANG_WARN_DEPRECATED_OBJC_IMPLEMENTATIONS = YES;
				CLANG_WARN_DIRECT_OBJC_ISA_USAGE = YES_ERROR;
				CLANG_WARN_DOCUMENTATION_COMMENTS = YES;
				CLANG_WARN_EMPTY_BODY = YES;
				CLANG_WARN_ENUM_CONVERSION = YES;
				CLANG_WARN_INFINITE_RECURSION = YES;
				CLANG_WARN_INT_CONVERSION = YES;
				CLANG_WARN_NON_LITERAL_NULL_CONVERSION = YES;
				CLANG_WARN_OBJC_IMPLICIT_RETAIN_SELF = YES;
				CLANG_WARN_OBJC_LITERAL_CONVERSION = YES;
				CLANG_WARN_OBJC_ROOT_CLASS = YES_ERROR;
				CLANG_WARN_RANGE_LOOP_ANALYSIS = YES;
				CLANG_WARN_STRICT_PROTOTYPES = YES;
				CLANG_WARN_SUSPICIOUS_MOVE = YES;
				CLANG_WARN_UNGUARDED_AVAILABILITY = YES_AGGRESSIVE;
				CLANG_WARN_UNREACHABLE_CODE = YES;
				CLANG_WARN__DUPLICATE_METHOD_MATCH = YES;
				CODE_SIGN_IDENTITY = "iPhone Developer";
				COPY_PHASE_STRIP = NO;
				DEBUG_INFORMATION_FORMAT = dwarf;
				ENABLE_STRICT_OBJC_MSGSEND = YES;
				ENABLE_TESTABILITY = YES;
				GCC_C_LANGUAGE_STANDARD = gnu11;
				GCC_DYNAMIC_NO_PIC = NO;
				GCC_NO_COMMON_BLOCKS = YES;
				GCC_OPTIMIZATION_LEVEL = 0;
				GCC_PREPROCESSOR_DEFINITIONS = (
					"DEBUG=1",
					"$(inherited)",
				);
				GCC_WARN_64_TO_32_BIT_CONVERSION = YES;
				GCC_WARN_ABOUT_RETURN_TYPE = YES_ERROR;
				GCC_WARN_UNDECLARED_SELECTOR = YES;
				GCC_WARN_UNINITIALIZED_AUTOS = YES_AGGRESSIVE;
				GCC_WARN_UNUSED_FUNCTION = YES;
				GCC_WARN_UNUSED_VARIABLE = YES;
				IPHONEOS_DEPLOYMENT_TARGET = 11.3;
				MTL_ENABLE_DEBUG_INFO = YES;
				ONLY_ACTIVE_ARCH = YES;
				SDKROOT = iphoneos;
				SWIFT_ACTIVE_COMPILATION_CONDITIONS = DEBUG;
				SWIFT_OPTIMIZATION_LEVEL = "-Onone";
			};
			name = Debug;
		};
		776627C620A45C1700FFC6BE /* Release */ = {
			isa = XCBuildConfiguration;
			buildSettings = {
				ALWAYS_SEARCH_USER_PATHS = NO;
				CLANG_ANALYZER_NONNULL = YES;
				CLANG_ANALYZER_NUMBER_OBJECT_CONVERSION = YES_AGGRESSIVE;
				CLANG_CXX_LANGUAGE_STANDARD = "gnu++14";
				CLANG_CXX_LIBRARY = "libc++";
				CLANG_ENABLE_MODULES = YES;
				CLANG_ENABLE_OBJC_ARC = YES;
				CLANG_ENABLE_OBJC_WEAK = YES;
				CLANG_WARN_BLOCK_CAPTURE_AUTORELEASING = YES;
				CLANG_WARN_BOOL_CONVERSION = YES;
				CLANG_WARN_COMMA = YES;
				CLANG_WARN_CONSTANT_CONVERSION = YES;
				CLANG_WARN_DEPRECATED_OBJC_IMPLEMENTATIONS = YES;
				CLANG_WARN_DIRECT_OBJC_ISA_USAGE = YES_ERROR;
				CLANG_WARN_DOCUMENTATION_COMMENTS = YES;
				CLANG_WARN_EMPTY_BODY = YES;
				CLANG_WARN_ENUM_CONVERSION = YES;
				CLANG_WARN_INFINITE_RECURSION = YES;
				CLANG_WARN_INT_CONVERSION = YES;
				CLANG_WARN_NON_LITERAL_NULL_CONVERSION = YES;
				CLANG_WARN_OBJC_IMPLICIT_RETAIN_SELF = YES;
				CLANG_WARN_OBJC_LITERAL_CONVERSION = YES;
				CLANG_WARN_OBJC_ROOT_CLASS = YES_ERROR;
				CLANG_WARN_RANGE_LOOP_ANALYSIS = YES;
				CLANG_WARN_STRICT_PROTOTYPES = YES;
				CLANG_WARN_SUSPICIOUS_MOVE = YES;
				CLANG_WARN_UNGUARDED_AVAILABILITY = YES_AGGRESSIVE;
				CLANG_WARN_UNREACHABLE_CODE = YES;
				CLANG_WARN__DUPLICATE_METHOD_MATCH = YES;
				CODE_SIGN_IDENTITY = "iPhone Developer";
				COPY_PHASE_STRIP = NO;
				DEBUG_INFORMATION_FORMAT = "dwarf-with-dsym";
				ENABLE_NS_ASSERTIONS = NO;
				ENABLE_STRICT_OBJC_MSGSEND = YES;
				GCC_C_LANGUAGE_STANDARD = gnu11;
				GCC_NO_COMMON_BLOCKS = YES;
				GCC_WARN_64_TO_32_BIT_CONVERSION = YES;
				GCC_WARN_ABOUT_RETURN_TYPE = YES_ERROR;
				GCC_WARN_UNDECLARED_SELECTOR = YES;
				GCC_WARN_UNINITIALIZED_AUTOS = YES_AGGRESSIVE;
				GCC_WARN_UNUSED_FUNCTION = YES;
				GCC_WARN_UNUSED_VARIABLE = YES;
				IPHONEOS_DEPLOYMENT_TARGET = 11.3;
				MTL_ENABLE_DEBUG_INFO = NO;
				SDKROOT = iphoneos;
				SWIFT_COMPILATION_MODE = wholemodule;
				SWIFT_OPTIMIZATION_LEVEL = "-O";
				VALIDATE_PRODUCT = YES;
			};
			name = Release;
		};
		776627C820A45C1700FFC6BE /* Debug */ = {
			isa = XCBuildConfiguration;
			buildSettings = {
				ASSETCATALOG_COMPILER_APPICON_NAME = AppIcon;
				CODE_SIGN_STYLE = Automatic;
				DEVELOPMENT_TEAM = XGL6HPWPPW;
				INFOPLIST_FILE = "Coder - Swag/Info.plist";
				LD_RUNPATH_SEARCH_PATHS = (
					"$(inherited)",
					"@executable_path/Frameworks",
				);
				PRODUCT_BUNDLE_IDENTIFIER = "a-solo.Coder---Swag";
				PRODUCT_NAME = "$(TARGET_NAME)";
				SWIFT_VERSION = 4.0;
				TARGETED_DEVICE_FAMILY = "1,2";
			};
			name = Debug;
		};
		776627C920A45C1700FFC6BE /* Release */ = {
			isa = XCBuildConfiguration;
			buildSettings = {
				ASSETCATALOG_COMPILER_APPICON_NAME = AppIcon;
				CODE_SIGN_STYLE = Automatic;
				DEVELOPMENT_TEAM = XGL6HPWPPW;
				INFOPLIST_FILE = "Coder - Swag/Info.plist";
				LD_RUNPATH_SEARCH_PATHS = (
					"$(inherited)",
					"@executable_path/Frameworks",
				);
				PRODUCT_BUNDLE_IDENTIFIER = "a-solo.Coder---Swag";
				PRODUCT_NAME = "$(TARGET_NAME)";
				SWIFT_VERSION = 4.0;
				TARGETED_DEVICE_FAMILY = "1,2";
			};
			name = Release;
		};
/* End XCBuildConfiguration section */

/* Begin XCConfigurationList section */
		776627B020A45C1500FFC6BE /* Build configuration list for PBXProject "Coder - Swag" */ = {
			isa = XCConfigurationList;
			buildConfigurations = (
				776627C520A45C1700FFC6BE /* Debug */,
				776627C620A45C1700FFC6BE /* Release */,
			);
			defaultConfigurationIsVisible = 0;
			defaultConfigurationName = Release;
		};
		776627C720A45C1700FFC6BE /* Build configuration list for PBXNativeTarget "Coder - Swag" */ = {
			isa = XCConfigurationList;
			buildConfigurations = (
				776627C820A45C1700FFC6BE /* Debug */,
				776627C920A45C1700FFC6BE /* Release */,
			);
			defaultConfigurationIsVisible = 0;
			defaultConfigurationName = Release;
		};
/* End XCConfigurationList section */
	};
	rootObject = 776627AD20A45C1500FFC6BE /* Project object */;
}
